
Microsoft Visual Studio Solution File, Format Version 12.00
# Visual Studio Version 16
VisualStudioVersion = 16.0.31019.35
MinimumVisualStudioVersion = 10.0.40219.1
Project("{FAE04EC0-301F-11D3-BF4B-00C04F79EFBC}") = "LojaOnline", "LojaOnline.csproj", "{B1D554D8-3585-4CC6-9A6B-D8472B43B4A3}"
EndProject
Global
	GlobalSection(SolutionConfigurationPlatforms) = preSolution
		Debug|Any CPU = Debug|Any CPU
		Release|Any CPU = Release|Any CPU
	EndGlobalSection
	GlobalSection(ProjectConfigurationPlatforms) = postSolution
		{B1D554D8-3585-4CC6-9A6B-D8472B43B4A3}.Debug|Any CPU.ActiveCfg = Debug|Any CPU
		{B1D554D8-3585-4CC6-9A6B-D8472B43B4A3}.Debug|Any CPU.Build.0 = Debug|Any CPU
		{B1D554D8-3585-4CC6-9A6B-D8472B43B4A3}.Release|Any CPU.ActiveCfg = Release|Any CPU
		{B1D554D8-3585-4CC6-9A6B-D8472B43B4A3}.Release|Any CPU.Build.0 = Release|Any CPU
	EndGlobalSection
	GlobalSection(SolutionProperties) = preSolution
		HideSolutionNode = FALSE
	EndGlobalSection
	GlobalSection(ExtensibilityGlobals) = postSolution
		SolutionGuid = {1A269F88-3478-4BD2-8688-F6B1173576F7}
	EndGlobalSection
EndGlobal
